
Microsoft Visual Studio Solution File, Format Version 12.00
# Visual Studio Version 17
VisualStudioVersion = 17.5.002.0
MinimumVisualStudioVersion = 10.0.40219.1
Project("{9A19103F-16F7-4668-BE54-9A1E7A4F7556}") = "Topt-like-asp-webapi", "Topt-like-asp-webapi.csproj", "{7F316D7C-D635-43AF-8D1B-809A5360BEB9}"
EndProject
Global
	GlobalSection(SolutionConfigurationPlatforms) = preSolution
		Debug|Any CPU = Debug|Any CPU
		Release|Any CPU = Release|Any CPU
	EndGlobalSection
	GlobalSection(ProjectConfigurationPlatforms) = postSolution
		{7F316D7C-D635-43AF-8D1B-809A5360BEB9}.Debug|Any CPU.ActiveCfg = Debug|Any CPU
		{7F316D7C-D635-43AF-8D1B-809A5360BEB9}.Debug|Any CPU.Build.0 = Debug|Any CPU
		{7F316D7C-D635-43AF-8D1B-809A5360BEB9}.Release|Any CPU.ActiveCfg = Release|Any CPU
		{7F316D7C-D635-43AF-8D1B-809A5360BEB9}.Release|Any CPU.Build.0 = Release|Any CPU
	EndGlobalSection
	GlobalSection(SolutionProperties) = preSolution
		HideSolutionNode = FALSE
	EndGlobalSection
	GlobalSection(ExtensibilityGlobals) = postSolution
		SolutionGuid = {36AAFA50-1434-484B-8C89-F8454177BF1C}
	EndGlobalSection
EndGlobal
